
Microsoft Visual Studio Solution File, Format Version 12.00
# Visual Studio Version 17
VisualStudioVersion = 17.9.34714.143
MinimumVisualStudioVersion = 10.0.40219.1
Project("{FAE04EC0-301F-11D3-BF4B-00C04F79EFBC}") = "ArrayListOgrenciKayit", "ArrayListOgrenciKayit\ArrayListOgrenciKayit.csproj", "{EEACC6B2-6466-46A0-B6C5-A63C37DA0470}"
EndProject
Global
	GlobalSection(SolutionConfigurationPlatforms) = preSolution
		Debug|Any CPU = Debug|Any CPU
		Release|Any CPU = Release|Any CPU
	EndGlobalSection
	GlobalSection(ProjectConfigurationPlatforms) = postSolution
		{EEACC6B2-6466-46A0-B6C5-A63C37DA0470}.Debug|Any CPU.ActiveCfg = Debug|Any CPU
		{EEACC6B2-6466-46A0-B6C5-A63C37DA0470}.Debug|Any CPU.Build.0 = Debug|Any CPU
		{EEACC6B2-6466-46A0-B6C5-A63C37DA0470}.Release|Any CPU.ActiveCfg = Release|Any CPU
		{EEACC6B2-6466-46A0-B6C5-A63C37DA0470}.Release|Any CPU.Build.0 = Release|Any CPU
	EndGlobalSection
	GlobalSection(SolutionProperties) = preSolution
		HideSolutionNode = FALSE
	EndGlobalSection
	GlobalSection(ExtensibilityGlobals) = postSolution
		SolutionGuid = {90EA5C1B-74F1-428D-83AF-4C1F175504BF}
	EndGlobalSection
EndGlobal
